{
  "name": "@mixery/engine",
  "version": "1.0.0",
  "lockfileVersion": 3,
  "requires": true,
  "packages": {
    "": {
      "name": "@mixery/engine",
      "version": "1.0.0",
      "license": "GPL-3.0-or-later",
      "dependencies": {
        "@mixery/state-machine": "^1.0.0"
      }
    },
    "node_modules/@mixery/state-machine": {
      "version": "1.0.0",
      "resolved": "https://registry.npmjs.org/@mixery/state-machine/-/state-machine-1.0.0.tgz",
      "integrity": "sha512-6r/ZiEoA2rDuVkNErj925MKFWynsvHABAwcJMJX4Tkxh6rBsRSkwSBHmDpApEyapFw5Z7uRMJqiTyQol7hK4bQ=="
    }
  }
}
